Microsoft Visual Studio Solution File, Format Version 12.00
# Visual Studio Version 17
VisualStudioVersion = 17.5.2.0
MinimumVisualStudioVersion = 10.0.40219.1
Project("{FAE04EC0-301F-11D3-BF4B-00C04F79EFBC}") = "CatWorx.BadgeMaker", "CatWorx.BadgeMaker\CatWorx.BadgeMaker.csproj", "{83C1BFD4-92C4-CE5E-9B27-A6BAD418703C}"
EndProject
Global
	GlobalSection(SolutionConfigurationPlatforms) = preSolution
		Debug|Any CPU = Debug|Any CPU
		Release|Any CPU = Release|Any CPU
	EndGlobalSection
	GlobalSection(ProjectConfigurationPlatforms) = postSolution
		{83C1BFD4-92C4-CE5E-9B27-A6BAD418703C}.Debug|Any CPU.ActiveCfg = Debug|Any CPU
		{83C1BFD4-92C4-CE5E-9B27-A6BAD418703C}.Debug|Any CPU.Build.0 = Debug|Any CPU
		{83C1BFD4-92C4-CE5E-9B27-A6BAD418703C}.Release|Any CPU.ActiveCfg = Release|Any CPU
		{83C1BFD4-92C4-CE5E-9B27-A6BAD418703C}.Release|Any CPU.Build.0 = Release|Any CPU
	EndGlobalSection
	GlobalSection(SolutionProperties) = preSolution
		HideSolutionNode = FALSE
	EndGlobalSection
	GlobalSection(ExtensibilityGlobals) = postSolution
		SolutionGuid = {D61AF978-DD0F-4C41-BE34-24058B411D14}
	EndGlobalSection
EndGlobal
